Microsoft Visual Studio Solution File, Format Version 12.00
# Visual Studio Version 17
VisualStudioVersion = 17.12.35527.113 d17.12
MinimumVisualStudioVersion = 10.0.40219.1
Project("{FAE04EC0-301F-11D3-BF4B-00C04F79EFBC}") = "Web", "Web\Web.csproj", "{C2CFB783-463D-4C91-8F91-93704961136C}"
EndProject
Project("{FAE04EC0-301F-11D3-BF4B-00C04F79EFBC}") = "Api", "Api\Api.csproj", "{0276EBB3-6A0F-4B94-BDF0-F757C247B13E}"
EndProject
Project("{FAE04EC0-301F-11D3-BF4B-00C04F79EFBC}") = "Database", "Database\Database.csproj", "{7CDCF284-794F-4E7A-9450-BC8AC393E04E}"
EndProject
Project("{FAE04EC0-301F-11D3-BF4B-00C04F79EFBC}") = "Shared", "Shared\Shared.csproj", "{C37A5C1E-7F68-41B6-B40E-E2B4F174A67B}"
EndProject
Project("{2150E333-8FDC-42A3-9474-1A3956D46DE8}") = "Tests", "Tests", "{02EA681E-C7D8-13C7-8484-4AC65E1B71E8}"
EndProject
Project("{FAE04EC0-301F-11D3-BF4B-00C04F79EFBC}") = "Api.Tests", "Tests\Api.Tests\Api.Tests.csproj", "{9023C2BC-7477-E627-79FC-76EE7396F02B}"
EndProject
Global
	GlobalSection(SolutionConfigurationPlatforms) = preSolution
		Debug|Any CPU = Debug|Any CPU
		Release|Any CPU = Release|Any CPU
	EndGlobalSection
	GlobalSection(ProjectConfigurationPlatforms) = postSolution
		{C2CFB783-463D-4C91-8F91-93704961136C}.Debug|Any CPU.ActiveCfg = Debug|Any CPU
		{C2CFB783-463D-4C91-8F91-93704961136C}.Debug|Any CPU.Build.0 = Debug|Any CPU
		{C2CFB783-463D-4C91-8F91-93704961136C}.Release|Any CPU.ActiveCfg = Release|Any CPU
		{C2CFB783-463D-4C91-8F91-93704961136C}.Release|Any CPU.Build.0 = Release|Any CPU
		{0276EBB3-6A0F-4B94-BDF0-F757C247B13E}.Debug|Any CPU.ActiveCfg = Debug|Any CPU
		{0276EBB3-6A0F-4B94-BDF0-F757C247B13E}.Debug|Any CPU.Build.0 = Debug|Any CPU
		{0276EBB3-6A0F-4B94-BDF0-F757C247B13E}.Release|Any CPU.ActiveCfg = Release|Any CPU
		{0276EBB3-6A0F-4B94-BDF0-F757C247B13E}.Release|Any CPU.Build.0 = Release|Any CPU
		{7CDCF284-794F-4E7A-9450-BC8AC393E04E}.Debug|Any CPU.ActiveCfg = Debug|Any CPU
		{7CDCF284-794F-4E7A-9450-BC8AC393E04E}.Debug|Any CPU.Build.0 = Debug|Any CPU
		{7CDCF284-794F-4E7A-9450-BC8AC393E04E}.Release|Any CPU.ActiveCfg = Release|Any CPU
		{7CDCF284-794F-4E7A-9450-BC8AC393E04E}.Release|Any CPU.Build.0 = Release|Any CPU
		{C37A5C1E-7F68-41B6-B40E-E2B4F174A67B}.Debug|Any CPU.ActiveCfg = Debug|Any CPU
		{C37A5C1E-7F68-41B6-B40E-E2B4F174A67B}.Debug|Any CPU.Build.0 = Debug|Any CPU
		{C37A5C1E-7F68-41B6-B40E-E2B4F174A67B}.Release|Any CPU.ActiveCfg = Release|Any CPU
		{C37A5C1E-7F68-41B6-B40E-E2B4F174A67B}.Release|Any CPU.Build.0 = Release|Any CPU
		{9023C2BC-7477-E627-79FC-76EE7396F02B}.Debug|Any CPU.ActiveCfg = Debug|Any CPU
		{9023C2BC-7477-E627-79FC-76EE7396F02B}.Debug|Any CPU.Build.0 = Debug|Any CPU
		{9023C2BC-7477-E627-79FC-76EE7396F02B}.Release|Any CPU.ActiveCfg = Release|Any CPU
		{9023C2BC-7477-E627-79FC-76EE7396F02B}.Release|Any CPU.Build.0 = Release|Any CPU
	EndGlobalSection
	GlobalSection(SolutionProperties) = preSolution
		HideSolutionNode = FALSE
	EndGlobalSection
		GlobalSection(NestedProjects) = preSolution
		{9023C2BC-7477-E627-79FC-76EE7396F02B} = {02EA681E-C7D8-13C7-8484-4AC65E1B71E8}
	EndGlobalSection
	GlobalSection(ExtensibilityGlobals) = postSolution
		SolutionGuid = {1912DBA3-F56F-4589-B5EA-75E547DF9F25}
	EndGlobalSection
EndGlobal
